// !$*UTF8*$!
{
	archiveVersion = 1;
	classes = {
	};
	objectVersion = 46;
	objects = {

/* Begin PBXBuildFile section */
		452ACF0D1F31989C00FB6261 /* OneController.swift in Sources */ = {isa = PBXBuildFile; fileRef = 452ACF0B1F31989C00FB6261 /* OneController.swift */; };
		452ACF0E1F31989C00FB6261 /* ViewController.swift in Sources */ = {isa = PBXBuildFile; fileRef = 452ACF0C1F31989C00FB6261 /* ViewController.swift */; };
		452ACF101F3198B100FB6261 /* TwoController.swift in Sources */ = {isa = PBXBuildFile; fileRef = 452ACF0F1F3198B100FB6261 /* TwoController.swift */; };
		452ACF121F3198BB00FB6261 /* ThreeController.swift in Sources */ = {isa = PBXBuildFile; fileRef = 452ACF111F3198BB00FB6261 /* ThreeController.swift */; };
		452ACF141F319A7A00FB6261 /* SliderView.swift in Sources */ = {isa = PBXBuildFile; fileRef = 452ACF131F319A7A00FB6261 /* SliderView.swift */; };
		452ACF1A1F31A27000FB6261 /* Extension.swift in Sources */ = {isa = PBXBuildFile; fileRef = 452ACF191F31A27000FB6261 /* Extension.swift */; };
		4579A88F1F31977D0077B055 /* AppDelegate.swift in Sources */ = {isa = PBXBuildFile; fileRef = 4579A88E1F31977D0077B055 /* AppDelegate.swift */; };
		4579A8941F31977D0077B055 /* Main.storyboard in Resources */ = {isa = PBXBuildFile; fileRef = 4579A8921F31977D0077B055 /* Main.storyboard */; };
		4579A8961F31977D0077B055 /* Assets.xcassets in Resources */ = {isa = PBXBuildFile; fileRef = 4579A8951F31977D0077B055 /* Assets.xcassets */; };
		4579A8991F31977D0077B055 /* LaunchScreen.storyboard in Resources */ = {isa = PBXBuildFile; fileRef = 4579A8971F31977D0077B055 /* LaunchScreen.storyboard */; };
		4579A8A41F31977D0077B055 /* SliderViewTests.swift in Sources */ = {isa = PBXBuildFile; fileRef = 4579A8A31F31977D0077B055 /* SliderViewTests.swift */; };
		4579A8AF1F31977D0077B055 /* SliderViewUITests.swift in Sources */ = {isa = PBXBuildFile; fileRef = 4579A8AE1F31977D0077B055 /* SliderViewUITests.swift */; };
/* End PBXBuildFile section */

/* Begin PBXContainerItemProxy section */
		4579A8A01F31977D0077B055 /* PBXContainerItemProxy */ = {
			isa = PBXContainerItemProxy;
			containerPortal = 4579A8831F31977D0077B055 /* Project object */;
			proxyType = 1;
			remoteGlobalIDString = 4579A88A1F31977D0077B055;
			remoteInfo = SliderView;
		};
		4579A8AB1F31977D0077B055 /* PBXContainerItemProxy */ = {
			isa = PBXContainerItemProxy;
			containerPortal = 4579A8831F31977D0077B055 /* Project object */;
			proxyType = 1;
			remoteGlobalIDString = 4579A88A1F31977D0077B055;
			remoteInfo = SliderView;
		};
/* End PBXContainerItemProxy section */

/* Begin PBXFileReference section */
		452ACF0B1F31989C00FB6261 /* OneController.swift */ = {isa = PBXFileReference; fileEncoding = 4; lastKnownFileType = sourcecode.swift; path = OneController.swift; sourceTree = "<group>"; };
		452ACF0C1F31989C00FB6261 /* ViewController.swift */ = {isa = PBXFileReference; fileEncoding = 4; lastKnownFileType = sourcecode.swift; path = ViewController.swift; sourceTree = "<group>"; };
		452ACF0F1F3198B100FB6261 /* TwoController.swift */ = {isa = PBXFileReference; fileEncoding = 4; lastKnownFileType = sourcecode.swift; path = TwoController.swift; sourceTree = "<group>"; };
		452ACF111F3198BB00FB6261 /* ThreeController.swift */ = {isa = PBXFileReference; fileEncoding = 4; lastKnownFileType = sourcecode.swift; path = ThreeController.swift; sourceTree = "<group>"; };
		452ACF131F319A7A00FB6261 /* SliderView.swift */ = {isa = PBXFileReference; fileEncoding = 4; lastKnownFileType = sourcecode.swift; path = SliderView.swift; sourceTree = "<group>"; };
		452ACF191F31A27000FB6261 /* Extension.swift */ = {isa = PBXFileReference; fileEncoding = 4; lastKnownFileType = sourcecode.swift; path = Extension.swift; sourceTree = "<group>"; };
		4579A88B1F31977D0077B055 /* SliderView.app */ = {isa = PBXFileReference; explicitFileType = wrapper.application; includeInIndex = 0; path = SliderView.app; sourceTree = BUILT_PRODUCTS_DIR; };
		4579A88E1F31977D0077B055 /* AppDelegate.swift */ = {isa = PBXFileReference; lastKnownFileType = sourcecode.swift; path = AppDelegate.swift; sourceTree = "<group>"; };
		4579A8931F31977D0077B055 /* Base */ = {isa = PBXFileReference; lastKnownFileType = file.storyboard; name = Base; path = Base.lproj/Main.storyboard; sourceTree = "<group>"; };
		4579A8951F31977D0077B055 /* Assets.xcassets */ = {isa = PBXFileReference; lastKnownFileType = folder.assetcatalog; path = Assets.xcassets; sourceTree = "<group>"; };
		4579A8981F31977D0077B055 /* Base */ = {isa = PBXFileReference; lastKnownFileType = file.storyboard; name = Base; path = Base.lproj/LaunchScreen.storyboard; sourceTree = "<group>"; };
		4579A89A1F31977D0077B055 /* Info.plist */ = {isa = PBXFileReference; lastKnownFileType = text.plist.xml; path = Info.plist; sourceTree = "<group>"; };
		4579A89F1F31977D0077B055 /* SliderViewTests.xctest */ = {isa = PBXFileReference; explicitFileType = wrapper.cfbundle; includeInIndex = 0; path = SliderViewTests.xctest; sourceTree = BUILT_PRODUCTS_DIR; };
		4579A8A31F31977D0077B055 /* SliderViewTests.swift */ = {isa = PBXFileReference; lastKnownFileType = sourcecode.swift; path = SliderViewTests.swift; sourceTree = "<group>"; };
		4579A8A51F31977D0077B055 /* Info.plist */ = {isa = PBXFileReference; lastKnownFileType = text.plist.xml; path = Info.plist; sourceTree = "<group>"; };
		4579A8AA1F31977D0077B055 /* SliderViewUITests.xctest */ = {isa = PBXFileReference; explicitFileType = wrapper.cfbundle; includeInIndex = 0; path = SliderViewUITests.xctest; sourceTree = BUILT_PRODUCTS_DIR; };
		4579A8AE1F31977D0077B055 /* SliderViewUITests.swift */ = {isa = PBXFileReference; lastKnownFileType = sourcecode.swift; path = SliderViewUITests.swift; sourceTree = "<group>"; };
		4579A8B01F31977D0077B055 /* Info.plist */ = {isa = PBXFileReference; lastKnownFileType = text.plist.xml; path = Info.plist; sourceTree = "<group>"; };
/* End PBXFileReference section */

/* Begin PBXFrameworksBuildPhase section */
		4579A8881F31977D0077B055 /* Frameworks */ = {
			isa = PBXFrameworksBuildPhase;
			buildActionMask = 2147483647;
			files = (
			);
			runOnlyForDeploymentPostprocessing = 0;
		};
		4579A89C1F31977D0077B055 /* Frameworks */ = {
			isa = PBXFrameworksBuildPhase;
			buildActionMask = 2147483647;
			files = (
			);
			runOnlyForDeploymentPostprocessing = 0;
		};
		4579A8A71F31977D0077B055 /* Frameworks */ = {
			isa = PBXFrameworksBuildPhase;
			buildActionMask = 2147483647;
			files = (
			);
			runOnlyForDeploymentPostprocessing = 0;
		};
/* End PBXFrameworksBuildPhase section */

/* Begin PBXGroup section */
		452ACF0A1F31989C00FB6261 /* Test */ = {
			isa = PBXGroup;
			children = (
				452ACF0C1F31989C00FB6261 /* ViewController.swift */,
				452ACF0B1F31989C00FB6261 /* OneController.swift */,
				452ACF0F1F3198B100FB6261 /* TwoController.swift */,
				452ACF111F3198BB00FB6261 /* ThreeController.swift */,
				452ACF191F31A27000FB6261 /* Extension.swift */,
			);
			path = Test;
			sourceTree = "<group>";
		};
		4579A8821F31977D0077B055 = {
			isa = PBXGroup;
			children = (
				4579A88D1F31977D0077B055 /* SliderView */,
				4579A8A21F31977D0077B055 /* SliderViewTests */,
				4579A8AD1F31977D0077B055 /* SliderViewUITests */,
				4579A88C1F31977D0077B055 /* Products */,
			);
			sourceTree = "<group>";
		};
		4579A88C1F31977D0077B055 /* Products */ = {
			isa = PBXGroup;
			children = (
				4579A88B1F31977D0077B055 /* SliderView.app */,
				4579A89F1F31977D0077B055 /* SliderViewTests.xctest */,
				4579A8AA1F31977D0077B055 /* SliderViewUITests.xctest */,
			);
			name = Products;
			sourceTree = "<group>";
		};
		4579A88D1F31977D0077B055 /* SliderView */ = {
			isa = PBXGroup;
			children = (
				4579A88E1F31977D0077B055 /* AppDelegate.swift */,
				452ACF131F319A7A00FB6261 /* SliderView.swift */,
				452ACF0A1F31989C00FB6261 /* Test */,
				4579A8921F31977D0077B055 /* Main.storyboard */,
				4579A8951F31977D0077B055 /* Assets.xcassets */,
				4579A8971F31977D0077B055 /* LaunchScreen.storyboard */,
				4579A89A1F31977D0077B055 /* Info.plist */,
			);
			path = SliderView;
			sourceTree = "<group>";
		};
		4579A8A21F31977D0077B055 /* SliderViewTests */ = {
			isa = PBXGroup;
			children = (
				4579A8A31F31977D0077B055 /* SliderViewTests.swift */,
				4579A8A51F31977D0077B055 /* Info.plist */,
			);
			path = SliderViewTests;
			sourceTree = "<group>";
		};
		4579A8AD1F31977D0077B055 /* SliderViewUITests */ = {
			isa = PBXGroup;
			children = (
				4579A8AE1F31977D0077B055 /* SliderViewUITests.swift */,
				4579A8B01F31977D0077B055 /* Info.plist */,
			);
			path = SliderViewUITests;
			sourceTree = "<group>";
		};
/* End PBXGroup section */

/* Begin PBXNativeTarget section */
		4579A88A1F31977D0077B055 /* SliderView */ = {
			isa = PBXNativeTarget;
			buildConfigurationList = 4579A8B31F31977D0077B055 /* Build configuration list for PBXNativeTarget "SliderView" */;
			buildPhases = (
				4579A8871F31977D0077B055 /* Sources */,
				4579A8881F31977D0077B055 /* Frameworks */,
				4579A8891F31977D0077B055 /* Resources */,
			);
			buildRules = (
			);
			dependencies = (
			);
			name = SliderView;
			productName = SliderView;
			productReference = 4579A88B1F31977D0077B055 /* SliderView.app */;
			productType = "com.apple.product-type.application";
		};
		4579A89E1F31977D0077B055 /* SliderViewTests */ = {
			isa = PBXNativeTarget;
			buildConfigurationList = 4579A8B61F31977D0077B055 /* Build configuration list for PBXNativeTarget "SliderViewTests" */;
			buildPhases = (
				4579A89B1F31977D0077B055 /* Sources */,
				4579A89C1F31977D0077B055 /* Frameworks */,
				4579A89D1F31977D0077B055 /* Resources */,
			);
			buildRules = (
			);
			dependencies = (
				4579A8A11F31977D0077B055 /* PBXTargetDependency */,
			);
			name = SliderViewTests;
			productName = SliderViewTests;
			productReference = 4579A89F1F31977D0077B055 /* SliderViewTests.xctest */;
			productType = "com.apple.product-type.bundle.unit-test";
		};
		4579A8A91F31977D0077B055 /* SliderViewUITests */ = {
			isa = PBXNativeTarget;
			buildConfigurationList = 4579A8B91F31977D0077B055 /* Build configuration list for PBXNativeTarget "SliderViewUITests" */;
			buildPhases = (
				4579A8A61F31977D0077B055 /* Sources */,
				4579A8A71F31977D0077B055 /* Frameworks */,
				4579A8A81F31977D0077B055 /* Resources */,
			);
			buildRules = (
			);
			dependencies = (
				4579A8AC1F31977D0077B055 /* PBXTargetDependency */,
			);
			name = SliderViewUITests;
			productName = SliderViewUITests;
			productReference = 4579A8AA1F31977D0077B055 /* SliderViewUITests.xctest */;
			productType = "com.apple.product-type.bundle.ui-testing";
		};
/* End PBXNativeTarget section */

/* Begin PBXProject section */
		4579A8831F31977D0077B055 /* Project object */ = {
			isa = PBXProject;
			attributes = {
				LastSwiftUpdateCheck = 0830;
				LastUpgradeCheck = 0830;
				ORGANIZATIONNAME = Tony;
				TargetAttributes = {
					4579A88A1F31977D0077B055 = {
						CreatedOnToolsVersion = 8.3.3;
						DevelopmentTeam = RWKH7R4DZR;
						ProvisioningStyle = Automatic;
					};
					4579A89E1F31977D0077B055 = {
						CreatedOnToolsVersion = 8.3.3;
						DevelopmentTeam = RWKH7R4DZR;
						ProvisioningStyle = Automatic;
						TestTargetID = 4579A88A1F31977D0077B055;
					};
					4579A8A91F31977D0077B055 = {
						CreatedOnToolsVersion = 8.3.3;
						DevelopmentTeam = RWKH7R4DZR;
						ProvisioningStyle = Automatic;
						TestTargetID = 4579A88A1F31977D0077B055;
					};
				};
			};
			buildConfigurationList = 4579A8861F31977D0077B055 /* Build configuration list for PBXProject "SliderView" */;
			compatibilityVersion = "Xcode 3.2";
			developmentRegion = English;
			hasScannedForEncodings = 0;
			knownRegions = (
				en,
				Base,
			);
			mainGroup = 4579A8821F31977D0077B055;
			productRefGroup = 4579A88C1F31977D0077B055 /* Products */;
			projectDirPath = "";
			projectRoot = "";
			targets = (
				4579A88A1F31977D0077B055 /* SliderView */,
				4579A89E1F31977D0077B055 /* SliderViewTests */,
				4579A8A91F31977D0077B055 /* SliderViewUITests */,
			);
		};
/* End PBXProject section */

/* Begin PBXResourcesBuildPhase section */
		4579A8891F31977D0077B055 /* Resources */ = {
			isa = PBXResourcesBuildPhase;
			buildActionMask = 2147483647;
			files = (
				4579A8991F31977D0077B055 /* LaunchScreen.storyboard in Resources */,
				4579A8961F31977D0077B055 /* Assets.xcassets in Resources */,
				4579A8941F31977D0077B055 /* Main.storyboard in Resources */,
			);
			runOnlyForDeploymentPostprocessing = 0;
		};
		4579A89D1F31977D0077B055 /* Resources */ = {
			isa = PBXResourcesBuildPhase;
			buildActionMask = 2147483647;
			files = (
			);
			runOnlyForDeploymentPostprocessing = 0;
		};
		4579A8A81F31977D0077B055 /* Resources */ = {
			isa = PBXResourcesBuildPhase;
			buildActionMask = 2147483647;
			files = (
			);
			runOnlyForDeploymentPostprocessing = 0;
		};
/* End PBXResourcesBuildPhase section */

/* Begin PBXSourcesBuildPhase section */
		4579A8871F31977D0077B055 /* Sources */ = {
			isa = PBXSourcesBuildPhase;
			buildActionMask = 2147483647;
			files = (
				452ACF1A1F31A27000FB6261 /* Extension.swift in Sources */,
				452ACF101F3198B100FB6261 /* TwoController.swift in Sources */,
				452ACF0E1F31989C00FB6261 /* ViewController.swift in Sources */,
				452ACF0D1F31989C00FB6261 /* OneController.swift in Sources */,
				452ACF141F319A7A00FB6261 /* SliderView.swift in Sources */,
				4579A88F1F31977D0077B055 /* AppDelegate.swift in Sources */,
				452ACF121F3198BB00FB6261 /* ThreeController.swift in Sources */,
			);
			runOnlyForDeploymentPostprocessing = 0;
		};
		4579A89B1F31977D0077B055 /* Sources */ = {
			isa = PBXSourcesBuildPhase;
			buildActionMask = 2147483647;
			files = (
				4579A8A41F31977D0077B055 /* SliderViewTests.swift in Sources */,
			);
			runOnlyForDeploymentPostprocessing = 0;
		};
		4579A8A61F31977D0077B055 /* Sources */ = {
			isa = PBXSourcesBuildPhase;
			buildActionMask = 2147483647;
			files = (
				4579A8AF1F31977D0077B055 /* SliderViewUITests.swift in Sources */,
			);
			runOnlyForDeploymentPostprocessing = 0;
		};
/* End PBXSourcesBuildPhase section */

/* Begin PBXTargetDependency section */
		4579A8A11F31977D0077B055 /* PBXTargetDependency */ = {
			isa = PBXTargetDependency;
			target = 4579A88A1F31977D0077B055 /* SliderView */;
			targetProxy = 4579A8A01F31977D0077B055 /* PBXContainerItemProxy */;
		};
		4579A8AC1F31977D0077B055 /* PBXTargetDependency */ = {
			isa = PBXTargetDependency;
			target = 4579A88A1F31977D0077B055 /* SliderView */;
			targetProxy = 4579A8AB1F31977D0077B055 /* PBXContainerItemProxy */;
		};
/* End PBXTargetDependency section */

/* Begin PBXVariantGroup section */
		4579A8921F31977D0077B055 /* Main.storyboard */ = {
			isa = PBXVariantGroup;
			children = (
				4579A8931F31977D0077B055 /* Base */,
			);
			name = Main.storyboard;
			sourceTree = "<group>";
		};
		4579A8971F31977D0077B055 /* LaunchScreen.storyboard */ = {
			isa = PBXVariantGroup;
			children = (
				4579A8981F31977D0077B055 /* Base */,
			);
			name = LaunchScreen.storyboard;
			sourceTree = "<group>";
		};
/* End PBXVariantGroup section */

/* Begin XCBuildConfiguration section */
		4579A8B11F31977D0077B055 /* Debug */ = {
			isa = XCBuildConfiguration;
			buildSettings = {
				ALWAYS_SEARCH_USER_PATHS = NO;
				CLANG_ANALYZER_NONNULL = YES;
				CLANG_ANALYZER_NUMBER_OBJECT_CONVERSION = YES_AGGRESSIVE;
				CLANG_CXX_LANGUAGE_STANDARD = "gnu++0x";
				CLANG_CXX_LIBRARY = "libc++";
				CLANG_ENABLE_MODULES = YES;
				CLANG_ENABLE_OBJC_ARC = YES;
				CLANG_WARN_BOOL_CONVERSION = YES;
				CLANG_WARN_CONSTANT_CONVERSION = YES;
				CLANG_WARN_DIRECT_OBJC_ISA_USAGE = YES_ERROR;
				CLANG_WARN_DOCUMENTATION_COMMENTS = YES;
				CLANG_WARN_EMPTY_BODY = YES;
				CLANG_WARN_ENUM_CONVERSION = YES;
				CLANG_WARN_INFINITE_RECURSION = YES;
				CLANG_WARN_INT_CONVERSION = YES;
				CLANG_WARN_OBJC_ROOT_CLASS = YES_ERROR;
				CLANG_WARN_SUSPICIOUS_MOVE = YES;
				CLANG_WARN_UNREACHABLE_CODE = YES;
				CLANG_WARN__DUPLICATE_METHOD_MATCH = YES;
				"CODE_SIGN_IDENTITY[sdk=iphoneos*]" = "iPhone Developer";
				COPY_PHASE_STRIP = NO;
				DEBUG_INFORMATION_FORMAT = dwarf;
				ENABLE_STRICT_OBJC_MSGSEND = YES;
				ENABLE_TESTABILITY = YES;
				GCC_C_LANGUAGE_STANDARD = gnu99;
				GCC_DYNAMIC_NO_PIC = NO;
				GCC_NO_COMMON_BLOCKS = YES;
				GCC_OPTIMIZATION_LEVEL = 0;
				GCC_PREPROCESSOR_DEFINITIONS = (
					"DEBUG=1",
					"$(inherited)",
				);
				GCC_WARN_64_TO_32_BIT_CONVERSION = YES;
				GCC_WARN_ABOUT_RETURN_TYPE = YES_ERROR;
				GCC_WARN_UNDECLARED_SELECTOR = YES;
				GCC_WARN_UNINITIALIZED_AUTOS = YES_AGGRESSIVE;
				GCC_WARN_UNUSED_FUNCTION = YES;
				GCC_WARN_UNUSED_VARIABLE = YES;
				IPHONEOS_DEPLOYMENT_TARGET = 10.3;
				MTL_ENABLE_DEBUG_INFO = YES;
				ONLY_ACTIVE_ARCH = YES;
				SDKROOT = iphoneos;
				SWIFT_ACTIVE_COMPILATION_CONDITIONS = DEBUG;
				SWIFT_OPTIMIZATION_LEVEL = "-Onone";
			};
			name = Debug;
		};
		4579A8B21F31977D0077B055 /* Release */ = {
			isa = XCBuildConfiguration;
			buildSettings = {
				ALWAYS_SEARCH_USER_PATHS = NO;
				CLANG_ANALYZER_NONNULL = YES;
				CLANG_ANALYZER_NUMBER_OBJECT_CONVERSION = YES_AGGRESSIVE;
				CLANG_CXX_LANGUAGE_STANDARD = "gnu++0x";
				CLANG_CXX_LIBRARY = "libc++";
				CLANG_ENABLE_MODULES = YES;
				CLANG_ENABLE_OBJC_ARC = YES;
				CLANG_WARN_BOOL_CONVERSION = YES;
				CLANG_WARN_CONSTANT_CONVERSION = YES;
				CLANG_WARN_DIRECT_OBJC_ISA_USAGE = YES_ERROR;
				CLANG_WARN_DOCUMENTATION_COMMENTS = YES;
				CLANG_WARN_EMPTY_BODY = YES;
				CLANG_WARN_ENUM_CONVERSION = YES;
				CLANG_WARN_INFINITE_RECURSION = YES;
				CLANG_WARN_INT_CONVERSION = YES;
				CLANG_WARN_OBJC_ROOT_CLASS = YES_ERROR;
				CLANG_WARN_SUSPICIOUS_MOVE = YES;
				CLANG_WARN_UNREACHABLE_CODE = YES;
				CLANG_WARN__DUPLICATE_METHOD_MATCH = YES;
				"CODE_SIGN_IDENTITY[sdk=iphoneos*]" = "iPhone Developer";
				COPY_PHASE_STRIP = NO;
				DEBUG_INFORMATION_FORMAT = "dwarf-with-dsym";
				ENABLE_NS_ASSERTIONS = NO;
				ENABLE_STRICT_OBJC_MSGSEND = YES;
				GCC_C_LANGUAGE_STANDARD = gnu99;
				GCC_NO_COMMON_BLOCKS = YES;
				GCC_WARN_64_TO_32_BIT_CONVERSION = YES;
				GCC_WARN_ABOUT_RETURN_TYPE = YES_ERROR;
				GCC_WARN_UNDECLARED_SELECTOR = YES;
				GCC_WARN_UNINITIALIZED_AUTOS = YES_AGGRESSIVE;
				GCC_WARN_UNUSED_FUNCTION = YES;
				GCC_WARN_UNUSED_VARIABLE = YES;
				IPHONEOS_DEPLOYMENT_TARGET = 10.3;
				MTL_ENABLE_DEBUG_INFO = NO;
				SDKROOT = iphoneos;
				SWIFT_OPTIMIZATION_LEVEL = "-Owholemodule";
				VALIDATE_PRODUCT = YES;
			};
			name = Release;
		};
		4579A8B41F31977D0077B055 /* Debug */ = {
			isa = XCBuildConfiguration;
			buildSettings = {
				ASSETCATALOG_COMPILER_APPICON_NAME = AppIcon;
				DEVELOPMENT_TEAM = RWKH7R4DZR;
				INFOPLIST_FILE = SliderView/Info.plist;
				LD_RUNPATH_SEARCH_PATHS = "$(inherited) @executable_path/Frameworks";
				PRODUCT_BUNDLE_IDENTIFIER = com.Tony.ylp.SliderView;
				PRODUCT_NAME = "$(TARGET_NAME)";
				SWIFT_VERSION = 3.0;
			};
			name = Debug;
		};
		4579A8B51F31977D0077B055 /* Release */ = {
			isa = XCBuildConfiguration;
			buildSettings = {
				ASSETCATALOG_COMPILER_APPICON_NAME = AppIcon;
				DEVELOPMENT_TEAM = RWKH7R4DZR;
				INFOPLIST_FILE = SliderView/Info.plist;
				LD_RUNPATH_SEARCH_PATHS = "$(inherited) @executable_path/Frameworks";
				PRODUCT_BUNDLE_IDENTIFIER = com.Tony.ylp.SliderView;
				PRODUCT_NAME = "$(TARGET_NAME)";
				SWIFT_VERSION = 3.0;
			};
			name = Release;
		};
		4579A8B71F31977D0077B055 /* Debug */ = {
			isa = XCBuildConfiguration;
			buildSettings = {
				ALWAYS_EMBED_SWIFT_STANDARD_LIBRARIES = YES;
				BUNDLE_LOADER = "$(TEST_HOST)";
				DEVELOPMENT_TEAM = RWKH7R4DZR;
				INFOPLIST_FILE = SliderViewTests/Info.plist;
				LD_RUNPATH_SEARCH_PATHS = "$(inherited) @executable_path/Frameworks @loader_path/Frameworks";
				PRODUCT_BUNDLE_IDENTIFIER = com.Tony.ylp.SliderViewTests;
				PRODUCT_NAME = "$(TARGET_NAME)";
				SWIFT_VERSION = 3.0;
				TEST_HOST = "$(BUILT_PRODUCTS_DIR)/SliderView.app/SliderView";
			};
			name = Debug;
		};
		4579A8B81F31977D0077B055 /* Release */ = {
			isa = XCBuildConfiguration;
			buildSettings = {
				ALWAYS_EMBED_SWIFT_STANDARD_LIBRARIES = YES;
				BUNDLE_LOADER = "$(TEST_HOST)";
				DEVELOPMENT_TEAM = RWKH7R4DZR;
				INFOPLIST_FILE = SliderViewTests/Info.plist;
				LD_RUNPATH_SEARCH_PATHS = "$(inherited) @executable_path/Frameworks @loader_path/Frameworks";
				PRODUCT_BUNDLE_IDENTIFIER = com.Tony.ylp.SliderViewTests;
				PRODUCT_NAME = "$(TARGET_NAME)";
				SWIFT_VERSION = 3.0;
				TEST_HOST = "$(BUILT_PRODUCTS_DIR)/SliderView.app/SliderView";
			};
			name = Release;
		};
		4579A8BA1F31977D0077B055 /* Debug */ = {
			isa = XCBuildConfiguration;
			buildSettings = {
				ALWAYS_EMBED_SWIFT_STANDARD_LIBRARIES = YES;
				DEVELOPMENT_TEAM = RWKH7R4DZR;
				INFOPLIST_FILE = SliderViewUITests/Info.plist;
				LD_RUNPATH_SEARCH_PATHS = "$(inherited) @executable_path/Frameworks @loader_path/Frameworks";
				PRODUCT_BUNDLE_IDENTIFIER = com.Tony.ylp.SliderViewUITests;
				PRODUCT_NAME = "$(TARGET_NAME)";
				SWIFT_VERSION = 3.0;
				TEST_TARGET_NAME = SliderView;
			};
			name = Debug;
		};
		4579A8BB1F31977D0077B055 /* Release */ = {
			isa = XCBuildConfiguration;
			buildSettings = {
				ALWAYS_EMBED_SWIFT_STANDARD_LIBRARIES = YES;
				DEVELOPMENT_TEAM = RWKH7R4DZR;
				INFOPLIST_FILE = SliderViewUITests/Info.plist;
				LD_RUNPATH_SEARCH_PATHS = "$(inherited) @executable_path/Frameworks @loader_path/Frameworks";
				PRODUCT_BUNDLE_IDENTIFIER = com.Tony.ylp.SliderViewUITests;
				PRODUCT_NAME = "$(TARGET_NAME)";
				SWIFT_VERSION = 3.0;
				TEST_TARGET_NAME = SliderView;
			};
			name = Release;
		};
/* End XCBuildConfiguration section */

/* Begin XCConfigurationList section */
		4579A8861F31977D0077B055 /* Build configuration list for PBXProject "SliderView" */ = {
			isa = XCConfigurationList;
			buildConfigurations = (
				4579A8B11F31977D0077B055 /* Debug */,
				4579A8B21F31977D0077B055 /* Release */,
			);
			defaultConfigurationIsVisible = 0;
			defaultConfigurationName = Release;
		};
		4579A8B31F31977D0077B055 /* Build configuration list for PBXNativeTarget "SliderView" */ = {
			isa = XCConfigurationList;
			buildConfigurations = (
				4579A8B41F31977D0077B055 /* Debug */,
				4579A8B51F31977D0077B055 /* Release */,
			);
			defaultConfigurationIsVisible = 0;
			defaultConfigurationName = Release;
		};
		4579A8B61F31977D0077B055 /* Build configuration list for PBXNativeTarget "SliderViewTests" */ = {
			isa = XCConfigurationList;
			buildConfigurations = (
				4579A8B71F31977D0077B055 /* Debug */,
				4579A8B81F31977D0077B055 /* Release */,
			);
			defaultConfigurationIsVisible = 0;
			defaultConfigurationName = Release;
		};
		4579A8B91F31977D0077B055 /* Build configuration list for PBXNativeTarget "SliderViewUITests" */ = {
			isa = XCConfigurationList;
			buildConfigurations = (
				4579A8BA1F31977D0077B055 /* Debug */,
				4579A8BB1F31977D0077B055 /* Release */,
			);
			defaultConfigurationIsVisible = 0;
			defaultConfigurationName = Release;
		};
/* End XCConfigurationList section */
	};
	rootObject = 4579A8831F31977D0077B055 /* Project object */;
}
